// !$*UTF8*$!
{
	archiveVersion = 1;
	classes = {};
	objectVersion = 56;
	objects = {
/* PBXBuildFile */
		A01 = {isa=PBXBuildFile;fileRef=F01;};
		A02 = {isa=PBXBuildFile;fileRef=F02;};
		A03 = {isa=PBXBuildFile;fileRef=F03;};
		A04 = {isa=PBXBuildFile;fileRef=F04;};
		A05 = {isa=PBXBuildFile;fileRef=F05;};
		A06 = {isa=PBXBuildFile;fileRef=F06;};
		A07 = {isa=PBXBuildFile;fileRef=F07;};
		A08 = {isa=PBXBuildFile;fileRef=F08;};
		A09 = {isa=PBXBuildFile;fileRef=F09;};
		A10 = {isa=PBXBuildFile;fileRef=F10;};
		A11 = {isa=PBXBuildFile;fileRef=F11;};
		A12 = {isa=PBXBuildFile;fileRef=F12;};
		A13 = {isa=PBXBuildFile;fileRef=F13;};
		A14 = {isa=PBXBuildFile;fileRef=F14;};
		A15 = {isa=PBXBuildFile;fileRef=F15;};
		A16 = {isa=PBXBuildFile;fileRef=F16;};
		A17 = {isa=PBXBuildFile;fileRef=F17;};
		A18 = {isa=PBXBuildFile;fileRef=F18;};
		A19 = {isa=PBXBuildFile;fileRef=F22;};
		A20 = {isa=PBXBuildFile;fileRef=F23;};
		A21 = {isa=PBXBuildFile;fileRef=F24;};
		A22 = {isa=PBXBuildFile;fileRef=F25;};
			A23 = {isa=PBXBuildFile;fileRef=F26;};
			A24 = {isa=PBXBuildFile;fileRef=F27;};
			A25 = {isa=PBXBuildFile;fileRef=F28;};
			A26 = {isa=PBXBuildFile;fileRef=F29;};
					A27 = {isa=PBXBuildFile;fileRef=F30;};
					A28 = {isa=PBXBuildFile;fileRef=F31;};
					A29 = {isa=PBXBuildFile;fileRef=F32;};
					A30 = {isa=PBXBuildFile;fileRef=F33;};
					AR1 = {isa=PBXBuildFile;fileRef=FR1;};
				AR3 = {isa=PBXBuildFile;fileRef=FR3;};
				AR4 = {isa=PBXBuildFile;fileRef=FR4;};
				AR5 = {isa=PBXBuildFile;fileRef=FR5;};
/* PBXFileReference */
		F01 = {isa=PBXFileReference;lastKnownFileType=sourcecode.swift;path=AppDelegate.swift;sourceTree="<group>";};
		F02 = {isa=PBXFileReference;lastKnownFileType=sourcecode.swift;path=SceneDelegate.swift;sourceTree="<group>";};
		F03 = {isa=PBXFileReference;lastKnownFileType=sourcecode.swift;path=ViewController.swift;sourceTree="<group>";};
		F04 = {isa=PBXFileReference;lastKnownFileType=sourcecode.swift;path=UIState.swift;sourceTree="<group>";};
		F05 = {isa=PBXFileReference;lastKnownFileType=sourcecode.swift;path=AppTheme.swift;sourceTree="<group>";};
		F06 = {isa=PBXFileReference;lastKnownFileType=sourcecode.swift;path=LoginView.swift;sourceTree="<group>";};
		F07 = {isa=PBXFileReference;lastKnownFileType=sourcecode.swift;path=GameSelectionView.swift;sourceTree="<group>";};
		F08 = {isa=PBXFileReference;lastKnownFileType=sourcecode.swift;path=ModeSelectionView.swift;sourceTree="<group>";};
		F09 = {isa=PBXFileReference;lastKnownFileType=sourcecode.swift;path=OperationView.swift;sourceTree="<group>";};
		F10 = {isa=PBXFileReference;lastKnownFileType=sourcecode.swift;path=DavizinAnimatedBackgroundView.swift;sourceTree="<group>";};
		F11 = {isa=PBXFileReference;lastKnownFileType=sourcecode.swift;path=DavizinButton.swift;sourceTree="<group>";};
		F12 = {isa=PBXFileReference;lastKnownFileType=sourcecode.swift;path=DavizinCardView.swift;sourceTree="<group>";};
		F13 = {isa=PBXFileReference;lastKnownFileType=sourcecode.swift;path=DavizinHeaderView.swift;sourceTree="<group>";};
		F14 = {isa=PBXFileReference;lastKnownFileType=sourcecode.swift;path=DavizinBridge.swift;sourceTree="<group>";};
		F15 = {isa=PBXFileReference;lastKnownFileType=sourcecode.swift;path=InjectorService.swift;sourceTree="<group>";};
		F16 = {isa=PBXFileReference;lastKnownFileType=sourcecode.swift;path=KeyValidator.swift;sourceTree="<group>";};
		F17 = {isa=PBXFileReference;lastKnownFileType=sourcecode.c.objc;path=DavizinMCM.m;sourceTree="<group>";};
		F18 = {isa=PBXFileReference;lastKnownFileType=sourcecode.c.h;path=DavizinMCM.h;sourceTree="<group>";};
		F19 = {isa=PBXFileReference;lastKnownFileType=sourcecode.c.h;path="DavizinIOS-Bridging-Header.h";sourceTree="<group>";};
		F20 = {isa=PBXFileReference;lastKnownFileType=text.plist.xml;path=Info.plist;sourceTree="<group>";};
		F21 = {isa=PBXFileReference;lastKnownFileType=text.plist.entitlements;path=DavizinIOS.entitlements;sourceTree="<group>";};
		F22 = {isa=PBXFileReference;lastKnownFileType=sourcecode.swift;path=DavizinToast.swift;sourceTree="<group>";};
		F23 = {isa=PBXFileReference;lastKnownFileType=sourcecode.swift;path=SoundService.swift;sourceTree="<group>";};
		F24 = {isa=PBXFileReference;lastKnownFileType=sourcecode.swift;path=SplashViewController.swift;sourceTree="<group>";};
			F25 = {isa=PBXFileReference;lastKnownFileType=sourcecode.swift;path=NoticeViewController.swift;sourceTree="<group>";};
			F26 = {isa=PBXFileReference;lastKnownFileType=sourcecode.swift;path=MissionMapViewController.swift;sourceTree="<group>";};
			F27 = {isa=PBXFileReference;lastKnownFileType=sourcecode.swift;path=ProfileView.swift;sourceTree="<group>";};
			F28 = {isa=PBXFileReference;lastKnownFileType=sourcecode.swift;path=NyxelSupportPolicy.swift;sourceTree="<group>";};
			F29 = {isa=PBXFileReference;lastKnownFileType=sourcecode.swift;path=NyxelDiagnostics.swift;sourceTree="<group>";};
			F30 = {isa=PBXFileReference;lastKnownFileType=sourcecode.swift;path=DavizinBottomNavView.swift;sourceTree="<group>";};
				F31 = {isa=PBXFileReference;lastKnownFileType=sourcecode.swift;path=NyxelAppearance.swift;sourceTree="<group>";};
				F32 = {isa=PBXFileReference;lastKnownFileType=sourcecode.swift;path=DavizinLoginVideoBackground.swift;sourceTree="<group>";};
				F33 = {isa=PBXFileReference;lastKnownFileType=sourcecode.swift;path=NyxelDeviceInfo.swift;sourceTree="<group>";};
				FR1 = {isa=PBXFileReference;lastKnownFileType=folder.assetcatalog;path=Assets.xcassets;sourceTree="<group>";};
			FR3 = {isa=PBXFileReference;lastKnownFileType=file.storyboard;path=LaunchScreen.storyboard;sourceTree="<group>";};
			FR4 = {isa=PBXFileReference;lastKnownFileType=video.mp4;path=Resources/login_background.mp4;sourceTree="<group>";};
			FR5 = {isa=PBXFileReference;lastKnownFileType=audio.mp3;path=Resources/opcion_activada.mp3;sourceTree="<group>";};
		PROD = {isa=PBXFileReference;explicitFileType=wrapper.application;includeInIndex=0;path=DavizinIOS.app;sourceTree=BUILT_PRODUCTS_DIR;};
/* PBXFrameworksBuildPhase */
		PH_F = {isa=PBXFrameworksBuildPhase;buildActionMask=2147483647;files=();runOnlyForDeploymentPostprocessing=0;};
/* PBXGroup */
			GRP_M = {isa=PBXGroup;children=(GRP_S,GRP_P);sourceTree="<group>";};
				GRP_S = {isa=PBXGroup;children=(F01,F02,F03,F04,F05,F06,F07,F08,F09,F10,F11,F12,F13,F14,F15,F16,F17,F18,F19,F20,F21,F22,F23,F24,F25,F26,F27,F28,F29,F30,F31,F32,F33,FR1,FR3,FR4,FR5);path=DavizinIOS;sourceTree="<group>";};
		GRP_P = {isa=PBXGroup;children=(PROD);name=Products;sourceTree="<group>";};
/* PBXNativeTarget */
		TGT = {
			isa=PBXNativeTarget;
			buildConfigurationList=CFGL_T;
			buildPhases=(PH_S,PH_R,PH_F);
			buildRules=();
			dependencies=();
			name=DavizinIOS;
			productName=DavizinIOS;
			productReference=PROD;
			productType="com.apple.product-type.application";
		};
/* PBXProject */
		PROJ = {
			isa=PBXProject;
			attributes={LastUpgradeCheck=1500;TargetAttributes={TGT={CreatedOnToolsVersion=15.0;};};};
			buildConfigurationList=CFGL_P;
			compatibilityVersion="Xcode 14.0";
			developmentRegion=es;
			hasScannedForEncodings=0;
			knownRegions=(es,en,Base);
			mainGroup=GRP_M;
			productRefGroup=GRP_P;
			projectDirPath="";
			projectRoot="";
			targets=(TGT);
		};
/* PBXResourcesBuildPhase */
			PH_R = {isa=PBXResourcesBuildPhase;buildActionMask=2147483647;files=(AR1,AR3,AR4,AR5);runOnlyForDeploymentPostprocessing=0;};
/* PBXSourcesBuildPhase */
		PH_S = {
			isa=PBXSourcesBuildPhase;
				buildActionMask=2147483647;
					files=(A01,A02,A03,A04,A05,A06,A07,A08,A09,A10,A11,A12,A13,A14,A15,A16,A17,A19,A20,A21,A22,A23,A24,A25,A26,A27,A28,A29,A30);
			runOnlyForDeploymentPostprocessing=0;
		};
/* XCBuildConfiguration */
			CFG_D = {isa=XCBuildConfiguration;buildSettings={IPHONEOS_DEPLOYMENT_TARGET=16.0;SDKROOT=iphoneos;SWIFT_OPTIMIZATION_LEVEL="-Onone";};name=Debug;};
			CFG_R = {isa=XCBuildConfiguration;buildSettings={IPHONEOS_DEPLOYMENT_TARGET=16.0;SDKROOT=iphoneos;SWIFT_OPTIMIZATION_LEVEL="-O";};name=Release;};
		CFG_TD = {
			isa=XCBuildConfiguration;
			buildSettings={
				ASSETCATALOG_COMPILER_APPICON_NAME=AppIcon;
				CODE_SIGN_ENTITLEMENTS=DavizinIOS/DavizinIOS.entitlements;
				CODE_SIGN_IDENTITY="";
				CODE_SIGNING_ALLOWED=NO;
				CODE_SIGNING_REQUIRED=NO;
				CURRENT_PROJECT_VERSION=2;
				GENERATE_INFOPLIST_FILE=NO;
				INFOPLIST_FILE=DavizinIOS/Info.plist;
				IPHONEOS_DEPLOYMENT_TARGET=16.0;
				LD_RUNPATH_SEARCH_PATHS="@executable_path/Frameworks";
				MARKETING_VERSION=1.1;
				PRODUCT_BUNDLE_IDENTIFIER="com.apple.mobile.MobileHouseArrest";
				PRODUCT_NAME="$(TARGET_NAME)";
				SDKROOT=iphoneos;
				SWIFT_OBJC_BRIDGING_HEADER="DavizinIOS/DavizinIOS-Bridging-Header.h";
				SWIFT_VERSION=5.0;
				TARGETED_DEVICE_FAMILY="1,2";
			};
			name=Debug;
		};
		CFG_TR = {
			isa=XCBuildConfiguration;
			buildSettings={
				ASSETCATALOG_COMPILER_APPICON_NAME=AppIcon;
				CODE_SIGN_ENTITLEMENTS=DavizinIOS/DavizinIOS.entitlements;
				CODE_SIGN_IDENTITY="";
				CODE_SIGNING_ALLOWED=NO;
				CODE_SIGNING_REQUIRED=NO;
				CURRENT_PROJECT_VERSION=2;
				GENERATE_INFOPLIST_FILE=NO;
				INFOPLIST_FILE=DavizinIOS/Info.plist;
				IPHONEOS_DEPLOYMENT_TARGET=16.0;
				LD_RUNPATH_SEARCH_PATHS="@executable_path/Frameworks";
				MARKETING_VERSION=1.1;
				PRODUCT_BUNDLE_IDENTIFIER="com.apple.mobile.MobileHouseArrest";
				PRODUCT_NAME="$(TARGET_NAME)";
				SDKROOT=iphoneos;
				SWIFT_OBJC_BRIDGING_HEADER="DavizinIOS/DavizinIOS-Bridging-Header.h";
				SWIFT_VERSION=5.0;
				TARGETED_DEVICE_FAMILY="1,2";
			};
			name=Release;
		};
/* XCConfigurationList */
		CFGL_P = {isa=XCConfigurationList;buildConfigurations=(CFG_D,CFG_R);defaultConfigurationIsVisible=0;defaultConfigurationName=Release;};
		CFGL_T = {isa=XCConfigurationList;buildConfigurations=(CFG_TD,CFG_TR);defaultConfigurationIsVisible=0;defaultConfigurationName=Release;};
	};
	rootObject=PROJ;
}
