// !$*UTF8*$!
{
	archiveVersion = 1;
	classes = {};
	objectVersion = 56;
	objects = {

/* Begin PBXBuildFile section */
		A00000000000000000000001 /* NyxelAdminApp.swift in Sources */ = {isa = PBXBuildFile; fileRef = F00000000000000000000001 /* NyxelAdminApp.swift */; };
		A00000000000000000000002 /* AdminPanelView.swift in Sources */ = {isa = PBXBuildFile; fileRef = F00000000000000000000002 /* AdminPanelView.swift */; };
		A00000000000000000000003 /* Assets.xcassets in Resources */ = {isa = PBXBuildFile; fileRef = F00000000000000000000003 /* Assets.xcassets */; };
		A00000000000000000000004 /* AdminWorkerClient.swift in Sources */ = {isa = PBXBuildFile; fileRef = F00000000000000000000006 /* AdminWorkerClient.swift */; };
		A00000000000000000000005 /* SwiftSoup in Frameworks */ = {isa = PBXBuildFile; productRef = B00000000000000000000002 /* SwiftSoup */; };
/* End PBXBuildFile section */

/* Begin PBXFileReference section */
		F00000000000000000000001 /* NyxelAdminApp.swift */ = {isa = PBXFileReference; lastKnownFileType = sourcecode.swift; path = NyxelAdminApp.swift; sourceTree = "<group>"; };
		F00000000000000000000002 /* AdminPanelView.swift */ = {isa = PBXFileReference; lastKnownFileType = sourcecode.swift; path = AdminPanelView.swift; sourceTree = "<group>"; };
		F00000000000000000000003 /* Assets.xcassets */ = {isa = PBXFileReference; lastKnownFileType = folder.assetcatalog; path = Assets.xcassets; sourceTree = "<group>"; };
		F00000000000000000000004 /* Info.plist */ = {isa = PBXFileReference; lastKnownFileType = text.plist.xml; path = Info.plist; sourceTree = "<group>"; };
		F00000000000000000000005 /* NyxelAdmin.app */ = {isa = PBXFileReference; explicitFileType = wrapper.application; includeInIndex = 0; path = NyxelAdmin.app; sourceTree = BUILT_PRODUCTS_DIR; };
		F00000000000000000000006 /* AdminWorkerClient.swift */ = {isa = PBXFileReference; lastKnownFileType = sourcecode.swift; path = AdminWorkerClient.swift; sourceTree = "<group>"; };
/* End PBXFileReference section */

/* Begin PBXFrameworksBuildPhase section */
		PHASE00000000000000000001 /* Frameworks */ = {isa = PBXFrameworksBuildPhase; buildActionMask = 2147483647; files = (A00000000000000000000005 /* SwiftSoup in Frameworks */,); runOnlyForDeploymentPostprocessing = 0; };
/* End PBXFrameworksBuildPhase section */

/* Begin PBXGroup section */
		GROUP00000000000000000001 = {isa = PBXGroup; children = (GROUP00000000000000000002, GROUP00000000000000000003); sourceTree = "<group>"; };
		GROUP00000000000000000002 /* NyxelAdmin */ = {isa = PBXGroup; path = NyxelAdmin; sourceTree = "<group>"; children = (F00000000000000000000001, F00000000000000000000002, F00000000000000000000003, F00000000000000000000004, F00000000000000000000006); };
		GROUP00000000000000000003 /* Products */ = {isa = PBXGroup; name = Products; sourceTree = "<group>"; children = (F00000000000000000000005); };
/* End PBXGroup section */

/* Begin PBXNativeTarget section */
		TARGET00000000000000000001 /* NyxelAdmin */ = {
			isa = PBXNativeTarget;
			buildConfigurationList = CONFIGLIST00000000000000000002;
			buildPhases = (PHASE00000000000000000002, PHASE00000000000000000001, PHASE00000000000000000003);
			buildRules = ();
			dependencies = ();
			packageProductDependencies = (B00000000000000000000002 /* SwiftSoup */,);
			name = NyxelAdmin;
			productName = NyxelAdmin;
			productReference = F00000000000000000000005;
			productType = "com.apple.product-type.application";
		};
/* End PBXNativeTarget section */

/* Begin PBXProject section */
		PROJECT00000000000000000001 /* Project object */ = {
			isa = PBXProject;
			attributes = {BuildIndependentTargetsInParallel = YES; LastUpgradeCheck = 1500; TargetAttributes = {TARGET00000000000000000001 = {CreatedOnToolsVersion = 15.0; }; }; };
			buildConfigurationList = CONFIGLIST00000000000000000001;
			compatibilityVersion = "Xcode 14.0";
			developmentRegion = es;
			hasScannedForEncodings = 0;
			knownRegions = (es, en, Base);
			mainGroup = GROUP00000000000000000001;
			packageReferences = (B00000000000000000000001 /* XCRemoteSwiftPackageReference "SwiftSoup" */,);
			productRefGroup = GROUP00000000000000000003;
			projectDirPath = "";
			projectRoot = "";
			targets = (TARGET00000000000000000001);
		};
/* End PBXProject section */

/* Begin PBXResourcesBuildPhase section */
		PHASE00000000000000000003 /* Resources */ = {isa = PBXResourcesBuildPhase; buildActionMask = 2147483647; files = (A00000000000000000000003); runOnlyForDeploymentPostprocessing = 0; };
/* End PBXResourcesBuildPhase section */

/* Begin PBXSourcesBuildPhase section */
		PHASE00000000000000000002 /* Sources */ = {isa = PBXSourcesBuildPhase; buildActionMask = 2147483647; files = (A00000000000000000000001, A00000000000000000000002, A00000000000000000000004); runOnlyForDeploymentPostprocessing = 0; };
/* End PBXSourcesBuildPhase section */

/* Begin XCBuildConfiguration section */
		CONFIG00000000000000000001 /* Debug project */ = {isa = XCBuildConfiguration; buildSettings = {IPHONEOS_DEPLOYMENT_TARGET = 16.0; SDKROOT = iphoneos; SWIFT_VERSION = 5.0; }; name = Debug; };
		CONFIG00000000000000000002 /* Release project */ = {isa = XCBuildConfiguration; buildSettings = {IPHONEOS_DEPLOYMENT_TARGET = 16.0; SDKROOT = iphoneos; SWIFT_VERSION = 5.0; }; name = Release; };
		CONFIG00000000000000000003 /* Debug target */ = {isa = XCBuildConfiguration; buildSettings = {ASSETCATALOG_COMPILER_APPICON_NAME = AppIcon; CODE_SIGNING_ALLOWED = NO; CODE_SIGNING_REQUIRED = NO; CURRENT_PROJECT_VERSION = 4; GENERATE_INFOPLIST_FILE = NO; INFOPLIST_FILE = NyxelAdmin/Info.plist; IPHONEOS_DEPLOYMENT_TARGET = 16.0; MARKETING_VERSION = 1.0; PRODUCT_BUNDLE_IDENTIFIER = com.davidporfirio17.nyxeladmin; PRODUCT_NAME = "$(TARGET_NAME)"; SDKROOT = iphoneos; SWIFT_VERSION = 5.0; TARGETED_DEVICE_FAMILY = "1,2"; }; name = Debug; };
		CONFIG00000000000000000004 /* Release target */ = {isa = XCBuildConfiguration; buildSettings = {ASSETCATALOG_COMPILER_APPICON_NAME = AppIcon; CODE_SIGNING_ALLOWED = NO; CODE_SIGNING_REQUIRED = NO; CURRENT_PROJECT_VERSION = 4; GENERATE_INFOPLIST_FILE = NO; INFOPLIST_FILE = NyxelAdmin/Info.plist; IPHONEOS_DEPLOYMENT_TARGET = 16.0; MARKETING_VERSION = 1.0; PRODUCT_BUNDLE_IDENTIFIER = com.davidporfirio17.nyxeladmin; PRODUCT_NAME = "$(TARGET_NAME)"; SDKROOT = iphoneos; SWIFT_VERSION = 5.0; TARGETED_DEVICE_FAMILY = "1,2"; }; name = Release; };
/* End XCBuildConfiguration section */

/* Begin XCRemoteSwiftPackageReference section */
		B00000000000000000000001 /* XCRemoteSwiftPackageReference "SwiftSoup" */ = {isa = XCRemoteSwiftPackageReference; repositoryURL = "https://github.com/scinfu/SwiftSoup.git"; requirement = {kind = upToNextMajorVersion; minimumVersion = 2.8.7; }; };
/* End XCRemoteSwiftPackageReference section */

/* Begin XCSwiftPackageProductDependency section */
		B00000000000000000000002 /* SwiftSoup */ = {isa = XCSwiftPackageProductDependency; package = B00000000000000000000001 /* XCRemoteSwiftPackageReference "SwiftSoup" */; productName = SwiftSoup; };
/* End XCSwiftPackageProductDependency section */

/* Begin XCConfigurationList section */
		CONFIGLIST00000000000000000001 = {isa = XCConfigurationList; buildConfigurations = (CONFIG00000000000000000001, CONFIG00000000000000000002); defaultConfigurationIsVisible = 0; defaultConfigurationName = Release; };
		CONFIGLIST00000000000000000002 = {isa = XCConfigurationList; buildConfigurations = (CONFIG00000000000000000003, CONFIG00000000000000000004); defaultConfigurationIsVisible = 0; defaultConfigurationName = Release; };
/* End XCConfigurationList section */
	};
	rootObject = PROJECT00000000000000000001;
}
